PODS:
  - Action (1.1.0):
    - RxCocoa (~> 2.0.0)
    - RxSwift (~> 2.0.0)
  - BEMCheckBox (1.1.1)
  - Cartography (0.6.0)
  - FileKit (2.0.0)
  - Keys (1.0.0)
  - Motif (0.2.1)
  - NSObject+Rx (1.2.0):
    - RxSwift (~> 2.0.0)
  - Protobuf (3.0.0-beta-2)
  - RxCocoa (2.0.0):
    - RxSwift (~> 2.0)
  - RxSwift (2.0.0)

DEPENDENCIES:
  - Action
  - BEMCheckBox
  - Cartography
  - FileKit (~> 2.0.0)
  - Keys (from `Pods/CocoaPodsKeys`)
  - Motif
  - NSObject+Rx
  - Protobuf (~> 3.0.0-alpha-3)
  - RxCocoa
  - RxSwift

EXTERNAL SOURCES:
  Keys:
    :path: Pods/CocoaPodsKeys

SPEC CHECKSUMS:
  Action: 25745dd09111b2a4bdf6164b2338b2104ea5696f
  BEMCheckBox: e1dd80417e0a9f1db4b55d8b8d2f3f477d120795
  Cartography: 70af183a248547694a8cfaa6b989cb7e04589985
  FileKit: fd360f82f62a1f70dd2ccdbe0950d3a6d1e25d1d
  Keys: 7d2ff6ff42f6903358267ce56e9392f83c31acfe
  Motif: 7177f09100ebde1f39065a43df47f3626a810c63
  NSObject+Rx: 552d0a5bb78087b0faf9f8a066148577f1231426
  Protobuf: f6e2be538e98cf00d9c00b276a32b7995b1f0328
  RxCocoa: b0ebd70b4f7450bdb3c8987b122f8fd568dc1e2f
  RxSwift: d83246efa6f16c50c143bec134649d045498f601

COCOAPODS: 0.39.0
