PODS:
  - Action (1.2.0):
    - RxCocoa (~> 2.0)
    - RxSwift (~> 2.0)
  - BEMCheckBox (1.2.0)
  - Bolts (1.6.0):
    - Bolts/AppLinks (= 1.6.0)
    - Bolts/Tasks (= 1.6.0)
  - Bolts/AppLinks (1.6.0):
    - Bolts/Tasks
  - Bolts/Tasks (1.6.0)
  - Cartography (0.6.0)
  - Eureka (1.3.1)
  - FBSDKCoreKit (4.10.0):
    - Bolts (~> 1.5)
  - FBSDKLoginKit (4.10.0):
    - FBSDKCoreKit
  - FileKit (2.0.0)
  - FontAwesome.swift (0.7.0)
  - Keys (1.0.0)
  - NSObject+Rx (1.2.1):
    - RxSwift (~> 2.1)
  - PonyDebugger (0.4.5):
    - SocketRocket
  - Prephirences (2.0.8):
    - Prephirences/Core (= 2.0.8)
    - Prephirences/Keys (= 2.0.8)
  - Prephirences/Core (2.0.8)
  - Prephirences/Keys (2.0.8):
    - Prephirences/Core
  - Protobuf (3.0.0-beta-2)
  - RazzleDazzle (0.1.1)
  - RxCocoa (2.1.0):
    - RxSwift (~> 2.0)
  - RxDataSources (0.3):
    - RxCocoa (~> 2.0)
    - RxSwift (~> 2.0)
  - RxSwift (2.1.0)
  - SocketRocket (0.4.2)
  - Swinject (1.1.0)

DEPENDENCIES:
  - Action (from `git://github.com/RxSwiftCommunity/Action`)
  - BEMCheckBox
  - Cartography
  - Eureka
  - FBSDKCoreKit
  - FBSDKLoginKit
  - FileKit (~> 2.0.0)
  - FontAwesome.swift
  - Keys (from `Pods/CocoaPodsKeys`)
  - NSObject+Rx (from `git://github.com/RxSwiftCommunity/NSObject-Rx`)
  - PonyDebugger
  - Prephirences
  - Protobuf (~> 3.0.0-beta-2)
  - RazzleDazzle
  - RxCocoa (~> 2.1.0)
  - RxDataSources
  - RxSwift (~> 2.1.0)
  - Swinject

EXTERNAL SOURCES:
  Action:
    :git: git://github.com/RxSwiftCommunity/Action
  Keys:
    :path: Pods/CocoaPodsKeys
  NSObject+Rx:
    :git: git://github.com/RxSwiftCommunity/NSObject-Rx

CHECKOUT OPTIONS:
  Action:
    :commit: d734b32a7f662609be71f55487db2330709bd8b1
    :git: git://github.com/RxSwiftCommunity/Action
  NSObject+Rx:
    :commit: ca0356bafe38ed9a6542afb0811019a7a6929d5a
    :git: git://github.com/RxSwiftCommunity/NSObject-Rx

SPEC CHECKSUMS:
  Action: 184d0a0ed8e6371091bc0bd72ee4eb003525206a
  BEMCheckBox: fcfbbf42cf23d38fbb605c72f63db9ae82d6acd3
  Bolts: f52a250053bb517ca874523c3913776359ab3def
  Cartography: 70af183a248547694a8cfaa6b989cb7e04589985
  Eureka: 10df73e578ed8ec1f30c8fda5b4ffc8739786b74
  FBSDKCoreKit: 13bec8373fb3af94d44daf2aa1e0958687897fbd
  FBSDKLoginKit: d3d4a2e9d31954deb00bfea964167a05ca1ea976
  FileKit: fd360f82f62a1f70dd2ccdbe0950d3a6d1e25d1d
  FontAwesome.swift: c6e30a1a81716306ff9c81f2d38dda88ac5b8294
  Keys: 9c35bf00f612ee1d48556f4a4b9b4551e224e90f
  NSObject+Rx: 5d032a7f161602dec6b82dcf12731e91ce15b8da
  PonyDebugger: 1c60f7c876bdb6a8b6bf0f0269087f8a234fafa7
  Prephirences: d22ced2a497fc7f2ee64b5f19cd6286251d0293e
  Protobuf: f6e2be538e98cf00d9c00b276a32b7995b1f0328
  RazzleDazzle: 022270e9ec0a4269ed40a6dcee42c8fa969cbc9a
  RxCocoa: 79b5feb8378545336e756a0a33fcf5e95050b71c
  RxDataSources: 6993a25d61c795f8d127a78f688b71376d5a4dad
  RxSwift: 110fb07f81c17c2c3b3254d168363057b1880d18
  SocketRocket: ffe08119b00ef982f6c37052a4705a057c8494ad
  Swinject: 514e56e46e3cd362f2cca07bb6ad1fdbed9abbfa

PODFILE CHECKSUM: 4a95bfc8eaeec0cf2161be3a3efd0d33be0383d4

COCOAPODS: 1.0.0.beta.3
